
Microsoft Visual Studio Solution File, Format Version 12.00
# Visual Studio Version 17
VisualStudioVersion = 17.1.32328.378
MinimumVisualStudioVersion = 10.0.40219.1
Project("{FAE04EC0-301F-11D3-BF4B-00C04F79EFBC}") = "ToDoList.API", "ToDoList.API\ToDoList.API.csproj", "{790726E9-8E01-4646-BAC2-EDF9CB802355}"
EndProject
Global
	GlobalSection(SolutionConfigurationPlatforms) = preSolution
		Debug|Any CPU = Debug|Any CPU
		Release|Any CPU = Release|Any CPU
	EndGlobalSection
	GlobalSection(ProjectConfigurationPlatforms) = postSolution
		{790726E9-8E01-4646-BAC2-EDF9CB802355}.Debug|Any CPU.ActiveCfg = Debug|Any CPU
		{790726E9-8E01-4646-BAC2-EDF9CB802355}.Debug|Any CPU.Build.0 = Debug|Any CPU
		{790726E9-8E01-4646-BAC2-EDF9CB802355}.Release|Any CPU.ActiveCfg = Release|Any CPU
		{790726E9-8E01-4646-BAC2-EDF9CB802355}.Release|Any CPU.Build.0 = Release|Any CPU
	EndGlobalSection
	GlobalSection(SolutionProperties) = preSolution
		HideSolutionNode = FALSE
	EndGlobalSection
	GlobalSection(ExtensibilityGlobals) = postSolution
		SolutionGuid = {5B7AD139-5817-4422-AAFC-8A16782EF138}
	EndGlobalSection
EndGlobal
